
Microsoft Visual Studio Solution File, Format Version 12.00
# Visual Studio Version 17
VisualStudioVersion = 17.0.31903.59
MinimumVisualStudioVersion = 10.0.40219.1
Project("{2150E333-8FDC-42A3-9474-1A3956D46DE8}") = "src", "src", "{827E0CD3-B72D-47B6-A68D-7590B98EB39B}"
EndProject
Project("{FAE04EC0-301F-11D3-BF4B-00C04F79EFBC}") = "Gozon.ApiGateway", "src\Gozon.ApiGateway\Gozon.ApiGateway.csproj", "{729362EA-E538-46F9-BC5F-16304D6BFDE6}"
EndProject
Project("{FAE04EC0-301F-11D3-BF4B-00C04F79EFBC}") = "Gozon.OrdersService", "src\Gozon.OrdersService\Gozon.OrdersService.csproj", "{E0FB810B-C294-47A1-A7D1-1A25EA75B01F}"
EndProject
Project("{FAE04EC0-301F-11D3-BF4B-00C04F79EFBC}") = "Gozon.PaymentsService", "src\Gozon.PaymentsService\Gozon.PaymentsService.csproj", "{9A5B1B1D-71B2-41CE-9E1F-C7ED0E92882F}"
EndProject
Project("{FAE04EC0-301F-11D3-BF4B-00C04F79EFBC}") = "Gozon.Shared", "src\Gozon.Shared\Contracts\Gozon.Shared.csproj", "{6540A06F-728B-4F56-8C63-454DBFB865B0}"
EndProject
Project("{2150E333-8FDC-42A3-9474-1A3956D46DE8}") = "Tests", "Tests", "{0AB3BF05-4346-4AA6-1389-037BE0695223}"
EndProject
Project("{FAE04EC0-301F-11D3-BF4B-00C04F79EFBC}") = "Gozon.OrdersService.Tests", "Tests\Gozon.OrdersService.Tests\Gozon.OrdersService.Tests.csproj", "{DC0FDC5E-3609-480B-BF0B-7BE76988E791}"
EndProject
Project("{FAE04EC0-301F-11D3-BF4B-00C04F79EFBC}") = "Gozon.PaymentsService.Tests", "Tests\Gozon.PaymentsService.Tests\Gozon.PaymentsService.Tests.csproj", "{EA5236D7-857B-4A1A-941D-BEAB736EDA34}"
EndProject
Global
	GlobalSection(SolutionConfigurationPlatforms) = preSolution
		Debug|Any CPU = Debug|Any CPU
		Debug|x64 = Debug|x64
		Debug|x86 = Debug|x86
		Release|Any CPU = Release|Any CPU
		Release|x64 = Release|x64
		Release|x86 = Release|x86
	EndGlobalSection
	GlobalSection(ProjectConfigurationPlatforms) = postSolution
		{729362EA-E538-46F9-BC5F-16304D6BFDE6}.Debug|Any CPU.ActiveCfg = Debug|Any CPU
		{729362EA-E538-46F9-BC5F-16304D6BFDE6}.Debug|Any CPU.Build.0 = Debug|Any CPU
		{729362EA-E538-46F9-BC5F-16304D6BFDE6}.Debug|x64.ActiveCfg = Debug|Any CPU
		{729362EA-E538-46F9-BC5F-16304D6BFDE6}.Debug|x64.Build.0 = Debug|Any CPU
		{729362EA-E538-46F9-BC5F-16304D6BFDE6}.Debug|x86.ActiveCfg = Debug|Any CPU
		{729362EA-E538-46F9-BC5F-16304D6BFDE6}.Debug|x86.Build.0 = Debug|Any CPU
		{729362EA-E538-46F9-BC5F-16304D6BFDE6}.Release|Any CPU.ActiveCfg = Release|Any CPU
		{729362EA-E538-46F9-BC5F-16304D6BFDE6}.Release|Any CPU.Build.0 = Release|Any CPU
		{729362EA-E538-46F9-BC5F-16304D6BFDE6}.Release|x64.ActiveCfg = Release|Any CPU
		{729362EA-E538-46F9-BC5F-16304D6BFDE6}.Release|x64.Build.0 = Release|Any CPU
		{729362EA-E538-46F9-BC5F-16304D6BFDE6}.Release|x86.ActiveCfg = Release|Any CPU
		{729362EA-E538-46F9-BC5F-16304D6BFDE6}.Release|x86.Build.0 = Release|Any CPU
		{E0FB810B-C294-47A1-A7D1-1A25EA75B01F}.Debug|Any CPU.ActiveCfg = Debug|Any CPU
		{E0FB810B-C294-47A1-A7D1-1A25EA75B01F}.Debug|Any CPU.Build.0 = Debug|Any CPU
		{E0FB810B-C294-47A1-A7D1-1A25EA75B01F}.Debug|x64.ActiveCfg = Debug|Any CPU
		{E0FB810B-C294-47A1-A7D1-1A25EA75B01F}.Debug|x64.Build.0 = Debug|Any CPU
		{E0FB810B-C294-47A1-A7D1-1A25EA75B01F}.Debug|x86.ActiveCfg = Debug|Any CPU
		{E0FB810B-C294-47A1-A7D1-1A25EA75B01F}.Debug|x86.Build.0 = Debug|Any CPU
		{E0FB810B-C294-47A1-A7D1-1A25EA75B01F}.Release|Any CPU.ActiveCfg = Release|Any CPU
		{E0FB810B-C294-47A1-A7D1-1A25EA75B01F}.Release|Any CPU.Build.0 = Release|Any CPU
		{E0FB810B-C294-47A1-A7D1-1A25EA75B01F}.Release|x64.ActiveCfg = Release|Any CPU
		{E0FB810B-C294-47A1-A7D1-1A25EA75B01F}.Release|x64.Build.0 = Release|Any CPU
		{E0FB810B-C294-47A1-A7D1-1A25EA75B01F}.Release|x86.ActiveCfg = Release|Any CPU
		{E0FB810B-C294-47A1-A7D1-1A25EA75B01F}.Release|x86.Build.0 = Release|Any CPU
		{9A5B1B1D-71B2-41CE-9E1F-C7ED0E92882F}.Debug|Any CPU.ActiveCfg = Debug|Any CPU
		{9A5B1B1D-71B2-41CE-9E1F-C7ED0E92882F}.Debug|Any CPU.Build.0 = Debug|Any CPU
		{9A5B1B1D-71B2-41CE-9E1F-C7ED0E92882F}.Debug|x64.ActiveCfg = Debug|Any CPU
		{9A5B1B1D-71B2-41CE-9E1F-C7ED0E92882F}.Debug|x64.Build.0 = Debug|Any CPU
		{9A5B1B1D-71B2-41CE-9E1F-C7ED0E92882F}.Debug|x86.ActiveCfg = Debug|Any CPU
		{9A5B1B1D-71B2-41CE-9E1F-C7ED0E92882F}.Debug|x86.Build.0 = Debug|Any CPU
		{9A5B1B1D-71B2-41CE-9E1F-C7ED0E92882F}.Release|Any CPU.ActiveCfg = Release|Any CPU
		{9A5B1B1D-71B2-41CE-9E1F-C7ED0E92882F}.Release|Any CPU.Build.0 = Release|Any CPU
		{9A5B1B1D-71B2-41CE-9E1F-C7ED0E92882F}.Release|x64.ActiveCfg = Release|Any CPU
		{9A5B1B1D-71B2-41CE-9E1F-C7ED0E92882F}.Release|x64.Build.0 = Release|Any CPU
		{9A5B1B1D-71B2-41CE-9E1F-C7ED0E92882F}.Release|x86.ActiveCfg = Release|Any CPU
		{9A5B1B1D-71B2-41CE-9E1F-C7ED0E92882F}.Release|x86.Build.0 = Release|Any CPU
		{6540A06F-728B-4F56-8C63-454DBFB865B0}.Debug|Any CPU.ActiveCfg = Debug|Any CPU
		{6540A06F-728B-4F56-8C63-454DBFB865B0}.Debug|Any CPU.Build.0 = Debug|Any CPU
		{6540A06F-728B-4F56-8C63-454DBFB865B0}.Debug|x64.ActiveCfg = Debug|Any CPU
		{6540A06F-728B-4F56-8C63-454DBFB865B0}.Debug|x64.Build.0 = Debug|Any CPU
		{6540A06F-728B-4F56-8C63-454DBFB865B0}.Debug|x86.ActiveCfg = Debug|Any CPU
		{6540A06F-728B-4F56-8C63-454DBFB865B0}.Debug|x86.Build.0 = Debug|Any CPU
		{6540A06F-728B-4F56-8C63-454DBFB865B0}.Release|Any CPU.ActiveCfg = Release|Any CPU
		{6540A06F-728B-4F56-8C63-454DBFB865B0}.Release|Any CPU.Build.0 = Release|Any CPU
		{6540A06F-728B-4F56-8C63-454DBFB865B0}.Release|x64.ActiveCfg = Release|Any CPU
		{6540A06F-728B-4F56-8C63-454DBFB865B0}.Release|x64.Build.0 = Release|Any CPU
		{6540A06F-728B-4F56-8C63-454DBFB865B0}.Release|x86.ActiveCfg = Release|Any CPU
		{6540A06F-728B-4F56-8C63-454DBFB865B0}.Release|x86.Build.0 = Release|Any CPU
		{DC0FDC5E-3609-480B-BF0B-7BE76988E791}.Debug|Any CPU.ActiveCfg = Debug|Any CPU
		{DC0FDC5E-3609-480B-BF0B-7BE76988E791}.Debug|Any CPU.Build.0 = Debug|Any CPU
		{DC0FDC5E-3609-480B-BF0B-7BE76988E791}.Debug|x64.ActiveCfg = Debug|Any CPU
		{DC0FDC5E-3609-480B-BF0B-7BE76988E791}.Debug|x64.Build.0 = Debug|Any CPU
		{DC0FDC5E-3609-480B-BF0B-7BE76988E791}.Debug|x86.ActiveCfg = Debug|Any CPU
		{DC0FDC5E-3609-480B-BF0B-7BE76988E791}.Debug|x86.Build.0 = Debug|Any CPU
		{DC0FDC5E-3609-480B-BF0B-7BE76988E791}.Release|Any CPU.ActiveCfg = Release|Any CPU
		{DC0FDC5E-3609-480B-BF0B-7BE76988E791}.Release|Any CPU.Build.0 = Release|Any CPU
		{DC0FDC5E-3609-480B-BF0B-7BE76988E791}.Release|x64.ActiveCfg = Release|Any CPU
		{DC0FDC5E-3609-480B-BF0B-7BE76988E791}.Release|x64.Build.0 = Release|Any CPU
		{DC0FDC5E-3609-480B-BF0B-7BE76988E791}.Release|x86.ActiveCfg = Release|Any CPU
		{DC0FDC5E-3609-480B-BF0B-7BE76988E791}.Release|x86.Build.0 = Release|Any CPU
		{EA5236D7-857B-4A1A-941D-BEAB736EDA34}.Debug|Any CPU.ActiveCfg = Debug|Any CPU
		{EA5236D7-857B-4A1A-941D-BEAB736EDA34}.Debug|Any CPU.Build.0 = Debug|Any CPU
		{EA5236D7-857B-4A1A-941D-BEAB736EDA34}.Debug|x64.ActiveCfg = Debug|Any CPU
		{EA5236D7-857B-4A1A-941D-BEAB736EDA34}.Debug|x64.Build.0 = Debug|Any CPU
		{EA5236D7-857B-4A1A-941D-BEAB736EDA34}.Debug|x86.ActiveCfg = Debug|Any CPU
		{EA5236D7-857B-4A1A-941D-BEAB736EDA34}.Debug|x86.Build.0 = Debug|Any CPU
		{EA5236D7-857B-4A1A-941D-BEAB736EDA34}.Release|Any CPU.ActiveCfg = Release|Any CPU
		{EA5236D7-857B-4A1A-941D-BEAB736EDA34}.Release|Any CPU.Build.0 = Release|Any CPU
		{EA5236D7-857B-4A1A-941D-BEAB736EDA34}.Release|x64.ActiveCfg = Release|Any CPU
		{EA5236D7-857B-4A1A-941D-BEAB736EDA34}.Release|x64.Build.0 = Release|Any CPU
		{EA5236D7-857B-4A1A-941D-BEAB736EDA34}.Release|x86.ActiveCfg = Release|Any CPU
		{EA5236D7-857B-4A1A-941D-BEAB736EDA34}.Release|x86.Build.0 = Release|Any CPU
	EndGlobalSection
	GlobalSection(SolutionProperties) = preSolution
		HideSolutionNode = FALSE
	EndGlobalSection
	GlobalSection(NestedProjects) = preSolution
		{729362EA-E538-46F9-BC5F-16304D6BFDE6} = {827E0CD3-B72D-47B6-A68D-7590B98EB39B}
		{E0FB810B-C294-47A1-A7D1-1A25EA75B01F} = {827E0CD3-B72D-47B6-A68D-7590B98EB39B}
		{9A5B1B1D-71B2-41CE-9E1F-C7ED0E92882F} = {827E0CD3-B72D-47B6-A68D-7590B98EB39B}
		{6540A06F-728B-4F56-8C63-454DBFB865B0} = {827E0CD3-B72D-47B6-A68D-7590B98EB39B}
		{DC0FDC5E-3609-480B-BF0B-7BE76988E791} = {0AB3BF05-4346-4AA6-1389-037BE0695223}
		{EA5236D7-857B-4A1A-941D-BEAB736EDA34} = {0AB3BF05-4346-4AA6-1389-037BE0695223}
	EndGlobalSection
EndGlobal
