
Microsoft Visual Studio Solution File, Format Version 12.00
# Visual Studio Version 17
VisualStudioVersion = 17.0.31903.59
MinimumVisualStudioVersion = 10.0.40219.1
Project("{2150E333-8FDC-42A3-9474-1A3956D46DE8}") = "Services", "Services", "{827E0CD3-B72D-47B6-A68D-7590B98EB39B}"
EndProject
Project("{FAE04EC0-301F-11D3-BF4B-00C04F79EFBC}") = "ApiGateway", "ApiGateway\ApiGateway.csproj", "{5DB472B7-DD38-4ADF-B1D1-A3052CB65E76}"
EndProject
Project("{FAE04EC0-301F-11D3-BF4B-00C04F79EFBC}") = "OrdersService", "Services\OrdersService\OrdersService.csproj", "{12FF08CC-6EFC-44EC-89B0-4850BC17AA53}"
EndProject
Project("{FAE04EC0-301F-11D3-BF4B-00C04F79EFBC}") = "PaymentsService", "Services\PaymentsService\PaymentsService.csproj", "{A5F477F2-6BE8-42A3-83E4-75895F4D7957}"
EndProject
Project("{FAE04EC0-301F-11D3-BF4B-00C04F79EFBC}") = "Shared.Contracts", "Shared\Contracts\Shared.Contracts.csproj", "{30F22F41-B0C6-4DFD-999F-26C8AD0E527F}"
EndProject
Project("{2150E333-8FDC-42A3-9474-1A3956D46DE8}") = "Tests", "Tests", "{0AB3BF05-4346-4AA6-1389-037BE0695223}"
EndProject
Project("{FAE04EC0-301F-11D3-BF4B-00C04F79EFBC}") = "OrdersService.Tests", "Tests\OrdersService.Tests\OrdersService.Tests.csproj", "{1A27F3E7-C11A-4EB1-9465-63758CCDC364}"
EndProject
Project("{FAE04EC0-301F-11D3-BF4B-00C04F79EFBC}") = "PaymentsService.Tests", "Tests\PaymentsService.Tests\PaymentsService.Tests.csproj", "{D53766D4-9EA7-448D-9794-4733813775C7}"
EndProject
Global
	GlobalSection(SolutionConfigurationPlatforms) = preSolution
		Debug|Any CPU = Debug|Any CPU
		Debug|x64 = Debug|x64
		Debug|x86 = Debug|x86
		Release|Any CPU = Release|Any CPU
		Release|x64 = Release|x64
		Release|x86 = Release|x86
	EndGlobalSection
	GlobalSection(ProjectConfigurationPlatforms) = postSolution
		{5DB472B7-DD38-4ADF-B1D1-A3052CB65E76}.Debug|Any CPU.ActiveCfg = Debug|Any CPU
		{5DB472B7-DD38-4ADF-B1D1-A3052CB65E76}.Debug|Any CPU.Build.0 = Debug|Any CPU
		{5DB472B7-DD38-4ADF-B1D1-A3052CB65E76}.Debug|x64.ActiveCfg = Debug|Any CPU
		{5DB472B7-DD38-4ADF-B1D1-A3052CB65E76}.Debug|x64.Build.0 = Debug|Any CPU
		{5DB472B7-DD38-4ADF-B1D1-A3052CB65E76}.Debug|x86.ActiveCfg = Debug|Any CPU
		{5DB472B7-DD38-4ADF-B1D1-A3052CB65E76}.Debug|x86.Build.0 = Debug|Any CPU
		{5DB472B7-DD38-4ADF-B1D1-A3052CB65E76}.Release|Any CPU.ActiveCfg = Release|Any CPU
		{5DB472B7-DD38-4ADF-B1D1-A3052CB65E76}.Release|Any CPU.Build.0 = Release|Any CPU
		{5DB472B7-DD38-4ADF-B1D1-A3052CB65E76}.Release|x64.ActiveCfg = Release|Any CPU
		{5DB472B7-DD38-4ADF-B1D1-A3052CB65E76}.Release|x64.Build.0 = Release|Any CPU
		{5DB472B7-DD38-4ADF-B1D1-A3052CB65E76}.Release|x86.ActiveCfg = Release|Any CPU
		{5DB472B7-DD38-4ADF-B1D1-A3052CB65E76}.Release|x86.Build.0 = Release|Any CPU
		{12FF08CC-6EFC-44EC-89B0-4850BC17AA53}.Debug|Any CPU.ActiveCfg = Debug|Any CPU
		{12FF08CC-6EFC-44EC-89B0-4850BC17AA53}.Debug|Any CPU.Build.0 = Debug|Any CPU
		{12FF08CC-6EFC-44EC-89B0-4850BC17AA53}.Debug|x64.ActiveCfg = Debug|Any CPU
		{12FF08CC-6EFC-44EC-89B0-4850BC17AA53}.Debug|x64.Build.0 = Debug|Any CPU
		{12FF08CC-6EFC-44EC-89B0-4850BC17AA53}.Debug|x86.ActiveCfg = Debug|Any CPU
		{12FF08CC-6EFC-44EC-89B0-4850BC17AA53}.Debug|x86.Build.0 = Debug|Any CPU
		{12FF08CC-6EFC-44EC-89B0-4850BC17AA53}.Release|Any CPU.ActiveCfg = Release|Any CPU
		{12FF08CC-6EFC-44EC-89B0-4850BC17AA53}.Release|Any CPU.Build.0 = Release|Any CPU
		{12FF08CC-6EFC-44EC-89B0-4850BC17AA53}.Release|x64.ActiveCfg = Release|Any CPU
		{12FF08CC-6EFC-44EC-89B0-4850BC17AA53}.Release|x64.Build.0 = Release|Any CPU
		{12FF08CC-6EFC-44EC-89B0-4850BC17AA53}.Release|x86.ActiveCfg = Release|Any CPU
		{12FF08CC-6EFC-44EC-89B0-4850BC17AA53}.Release|x86.Build.0 = Release|Any CPU
		{A5F477F2-6BE8-42A3-83E4-75895F4D7957}.Debug|Any CPU.ActiveCfg = Debug|Any CPU
		{A5F477F2-6BE8-42A3-83E4-75895F4D7957}.Debug|Any CPU.Build.0 = Debug|Any CPU
		{A5F477F2-6BE8-42A3-83E4-75895F4D7957}.Debug|x64.ActiveCfg = Debug|Any CPU
		{A5F477F2-6BE8-42A3-83E4-75895F4D7957}.Debug|x64.Build.0 = Debug|Any CPU
		{A5F477F2-6BE8-42A3-83E4-75895F4D7957}.Debug|x86.ActiveCfg = Debug|Any CPU
		{A5F477F2-6BE8-42A3-83E4-75895F4D7957}.Debug|x86.Build.0 = Debug|Any CPU
		{A5F477F2-6BE8-42A3-83E4-75895F4D7957}.Release|Any CPU.ActiveCfg = Release|Any CPU
		{A5F477F2-6BE8-42A3-83E4-75895F4D7957}.Release|Any CPU.Build.0 = Release|Any CPU
		{A5F477F2-6BE8-42A3-83E4-75895F4D7957}.Release|x64.ActiveCfg = Release|Any CPU
		{A5F477F2-6BE8-42A3-83E4-75895F4D7957}.Release|x64.Build.0 = Release|Any CPU
		{A5F477F2-6BE8-42A3-83E4-75895F4D7957}.Release|x86.ActiveCfg = Release|Any CPU
		{A5F477F2-6BE8-42A3-83E4-75895F4D7957}.Release|x86.Build.0 = Release|Any CPU
		{30F22F41-B0C6-4DFD-999F-26C8AD0E527F}.Debug|Any CPU.ActiveCfg = Debug|Any CPU
		{30F22F41-B0C6-4DFD-999F-26C8AD0E527F}.Debug|Any CPU.Build.0 = Debug|Any CPU
		{30F22F41-B0C6-4DFD-999F-26C8AD0E527F}.Debug|x64.ActiveCfg = Debug|Any CPU
		{30F22F41-B0C6-4DFD-999F-26C8AD0E527F}.Debug|x64.Build.0 = Debug|Any CPU
		{30F22F41-B0C6-4DFD-999F-26C8AD0E527F}.Debug|x86.ActiveCfg = Debug|Any CPU
		{30F22F41-B0C6-4DFD-999F-26C8AD0E527F}.Debug|x86.Build.0 = Debug|Any CPU
		{30F22F41-B0C6-4DFD-999F-26C8AD0E527F}.Release|Any CPU.ActiveCfg = Release|Any CPU
		{30F22F41-B0C6-4DFD-999F-26C8AD0E527F}.Release|Any CPU.Build.0 = Release|Any CPU
		{30F22F41-B0C6-4DFD-999F-26C8AD0E527F}.Release|x64.ActiveCfg = Release|Any CPU
		{30F22F41-B0C6-4DFD-999F-26C8AD0E527F}.Release|x64.Build.0 = Release|Any CPU
		{30F22F41-B0C6-4DFD-999F-26C8AD0E527F}.Release|x86.ActiveCfg = Release|Any CPU
		{30F22F41-B0C6-4DFD-999F-26C8AD0E527F}.Release|x86.Build.0 = Release|Any CPU
		{1A27F3E7-C11A-4EB1-9465-63758CCDC364}.Debug|Any CPU.ActiveCfg = Debug|Any CPU
		{1A27F3E7-C11A-4EB1-9465-63758CCDC364}.Debug|Any CPU.Build.0 = Debug|Any CPU
		{1A27F3E7-C11A-4EB1-9465-63758CCDC364}.Debug|x64.ActiveCfg = Debug|Any CPU
		{1A27F3E7-C11A-4EB1-9465-63758CCDC364}.Debug|x64.Build.0 = Debug|Any CPU
		{1A27F3E7-C11A-4EB1-9465-63758CCDC364}.Debug|x86.ActiveCfg = Debug|Any CPU
		{1A27F3E7-C11A-4EB1-9465-63758CCDC364}.Debug|x86.Build.0 = Debug|Any CPU
		{1A27F3E7-C11A-4EB1-9465-63758CCDC364}.Release|Any CPU.ActiveCfg = Release|Any CPU
		{1A27F3E7-C11A-4EB1-9465-63758CCDC364}.Release|Any CPU.Build.0 = Release|Any CPU
		{1A27F3E7-C11A-4EB1-9465-63758CCDC364}.Release|x64.ActiveCfg = Release|Any CPU
		{1A27F3E7-C11A-4EB1-9465-63758CCDC364}.Release|x64.Build.0 = Release|Any CPU
		{1A27F3E7-C11A-4EB1-9465-63758CCDC364}.Release|x86.ActiveCfg = Release|Any CPU
		{1A27F3E7-C11A-4EB1-9465-63758CCDC364}.Release|x86.Build.0 = Release|Any CPU
		{D53766D4-9EA7-448D-9794-4733813775C7}.Debug|Any CPU.ActiveCfg = Debug|Any CPU
		{D53766D4-9EA7-448D-9794-4733813775C7}.Debug|Any CPU.Build.0 = Debug|Any CPU
		{D53766D4-9EA7-448D-9794-4733813775C7}.Debug|x64.ActiveCfg = Debug|Any CPU
		{D53766D4-9EA7-448D-9794-4733813775C7}.Debug|x64.Build.0 = Debug|Any CPU
		{D53766D4-9EA7-448D-9794-4733813775C7}.Debug|x86.ActiveCfg = Debug|Any CPU
		{D53766D4-9EA7-448D-9794-4733813775C7}.Debug|x86.Build.0 = Debug|Any CPU
		{D53766D4-9EA7-448D-9794-4733813775C7}.Release|Any CPU.ActiveCfg = Release|Any CPU
		{D53766D4-9EA7-448D-9794-4733813775C7}.Release|Any CPU.Build.0 = Release|Any CPU
		{D53766D4-9EA7-448D-9794-4733813775C7}.Release|x64.ActiveCfg = Release|Any CPU
		{D53766D4-9EA7-448D-9794-4733813775C7}.Release|x64.Build.0 = Release|Any CPU
		{D53766D4-9EA7-448D-9794-4733813775C7}.Release|x86.ActiveCfg = Release|Any CPU
		{D53766D4-9EA7-448D-9794-4733813775C7}.Release|x86.Build.0 = Release|Any CPU
	EndGlobalSection
	GlobalSection(SolutionProperties) = preSolution
		HideSolutionNode = FALSE
	EndGlobalSection
	GlobalSection(NestedProjects) = preSolution
		{12FF08CC-6EFC-44EC-89B0-4850BC17AA53} = {827E0CD3-B72D-47B6-A68D-7590B98EB39B}
		{A5F477F2-6BE8-42A3-83E4-75895F4D7957} = {827E0CD3-B72D-47B6-A68D-7590B98EB39B}
		{30F22F41-B0C6-4DFD-999F-26C8AD0E527F} = {827E0CD3-B72D-47B6-A68D-7590B98EB39B}
		{1A27F3E7-C11A-4EB1-9465-63758CCDC364} = {0AB3BF05-4346-4AA6-1389-037BE0695223}
		{D53766D4-9EA7-448D-9794-4733813775C7} = {0AB3BF05-4346-4AA6-1389-037BE0695223}
	EndGlobalSection
EndGlobal
